# THIS IS AN AUTOGENERATED FILE. DO NOT EDIT THIS FILE DIRECTLY.
# yarn lockfile v1


"@babel/helper-annotate-as-pure@^7.0.0":
  version "7.0.0"
  resolved "https://registry.yarnpkg.com/@babel/helper-annotate-as-pure/-/helper-annotate-as-pure-7.0.0.tgz#323d39dd0b50e10c7c06ca7d7638e6864d8c5c32"
  dependencies:
    "@babel/types" "^7.0.0"

"@babel/helper-module-imports@^7.0.0":
  version "7.0.0"
  resolved "https://registry.yarnpkg.com/@babel/helper-module-imports/-/helper-module-imports-7.0.0.tgz#96081b7111e486da4d2cd971ad1a4fe216cc2e3d"
  dependencies:
    "@babel/types" "^7.0.0"

"@babel/runtime@^7.1.2":
  version "7.3.4"
  resolved "https://registry.yarnpkg.com/@babel/runtime/-/runtime-7.3.4.tgz#73d12ba819e365fcf7fd152aed56d6df97d21c83"
  dependencies:
    regenerator-runtime "^0.12.0"

"@babel/types@^7.0.0":
  version "7.3.4"
  resolved "https://registry.yarnpkg.com/@babel/types/-/types-7.3.4.tgz#bf482eaeaffb367a28abbf9357a94963235d90ed"
  dependencies:
    esutils "^2.0.2"
    lodash "^4.17.11"
    to-fast-properties "^2.0.0"

"@emotion/is-prop-valid@^0.7.3":
  version "0.7.3"
  resolved "https://registry.yarnpkg.com/@emotion/is-prop-valid/-/is-prop-valid-0.7.3.tgz#a6bf4fa5387cbba59d44e698a4680f481a8da6cc"
  dependencies:
    "@emotion/memoize" "0.7.1"

"@emotion/memoize@0.7.1":
  version "0.7.1"
  resolved "https://registry.yarnpkg.com/@emotion/memoize/-/memoize-0.7.1.tgz#e93c13942592cf5ef01aa8297444dc192beee52f"

"@emotion/unitless@^0.7.0":
  version "0.7.3"
  resolved "https://registry.yarnpkg.com/@emotion/unitless/-/unitless-0.7.3.tgz#6310a047f12d21a1036fb031317219892440416f"

"@framer/lintonye.learnreactdesign-ds@^1.3.0":
  version "1.3.0"
  resolved "https://registry.framer.com/@framer/lintonye.learnreactdesign-ds/-/@framer/lintonye.learnreactdesign-ds-1.3.0.tgz#98ed2c2d9e4b2b3400b1230c2ea588dd5e571cf8"
  dependencies:
    prism-react-renderer "^0.1.5"
    react-clipboard.js "^2.0.3"
    rebass "^3.0.1"
    styled-components "^4.1.3"
    tinycolor2 "^1.4.1"

"@framer/steveruizok.framespy@^1.2.0":
  version "1.2.0"
  resolved "https://registry.framer.com/@framer/steveruizok.framespy/-/@framer/steveruizok.framespy-1.2.0.tgz#880b725ad56c426a05f86702ffcaec39e67eae2a"
  dependencies:
    prism-react-renderer "^0.1.5"
    prismjs "^1.15.0"
    react-clipboard.js "^2.0.2"
    react-element-to-jsx-string "^14.0.2"

"@material/animation@^0.41.0":
  version "0.41.0"
  resolved "https://registry.yarnpkg.com/@material/animation/-/animation-0.41.0.tgz#315b45b32e1aeebee8a4cf555b8ad52076d09ddd"

"@material/base@^0.41.0":
  version "0.41.0"
  resolved "https://registry.yarnpkg.com/@material/base/-/base-0.41.0.tgz#badadce711b4c25b1eb889a5e7581e32cd07c421"

"@material/button@^0.44.0":
  version "0.44.0"
  resolved "https://registry.yarnpkg.com/@material/button/-/button-0.44.0.tgz#f01dcbea88bdc314e7640b76e5558101c8b4d69d"
  dependencies:
    "@material/elevation" "^0.44.0"
    "@material/feature-targeting" "^0.44.0"
    "@material/ripple" "^0.44.0"
    "@material/rtl" "^0.42.0"
    "@material/shape" "^0.43.0"
    "@material/theme" "^0.43.0"
    "@material/typography" "^0.44.0"

"@material/card@^0.44.0":
  version "0.44.1"
  resolved "https://registry.yarnpkg.com/@material/card/-/card-0.44.1.tgz#e72efba79e716143d530c75ecf18216aaa3c7499"
  dependencies:
    "@material/elevation" "^0.44.1"
    "@material/feature-targeting" "^0.44.1"
    "@material/ripple" "^0.44.1"
    "@material/rtl" "^0.42.0"
    "@material/shape" "^0.44.1"
    "@material/theme" "^0.43.0"

"@material/dialog@^0.44.0":
  version "0.44.1"
  resolved "https://registry.yarnpkg.com/@material/dialog/-/dialog-0.44.1.tgz#2286ab17d1f3b902493c9733ba9d715d250bc812"
  dependencies:
    "@material/animation" "^0.41.0"
    "@material/base" "^0.41.0"
    "@material/dom" "^0.41.0"
    "@material/elevation" "^0.44.1"
    "@material/ripple" "^0.44.1"
    "@material/rtl" "^0.42.0"
    "@material/shape" "^0.44.1"
    "@material/theme" "^0.43.0"
    "@material/typography" "^0.44.1"
    focus-trap "^4.0.2"

"@material/dom@^0.41.0":
  version "0.41.0"
  resolved "https://registry.yarnpkg.com/@material/dom/-/dom-0.41.0.tgz#6756865f97bad4c91ee75e69d769d7cdc25398ae"

"@material/elevation@^0.44.0":
  version "0.44.0"
  resolved "https://registry.yarnpkg.com/@material/elevation/-/elevation-0.44.0.tgz#ca16a67188ce9810dc2fa3d7a39073e72df4b754"
  dependencies:
    "@material/animation" "^0.41.0"
    "@material/theme" "^0.43.0"

"@material/elevation@^0.44.1":
  version "0.44.1"
  resolved "https://registry.yarnpkg.com/@material/elevation/-/elevation-0.44.1.tgz#19efa293e195b00141711899e3c3fde6a3670454"
  dependencies:
    "@material/animation" "^0.41.0"
    "@material/feature-targeting" "^0.44.1"
    "@material/theme" "^0.43.0"

"@material/feature-targeting@^0.44.0":
  version "0.44.0"
  resolved "https://registry.yarnpkg.com/@material/feature-targeting/-/feature-targeting-0.44.0.tgz#52cc73f0c8a83159de0357aebe74f15f9856fb4c"

"@material/feature-targeting@^0.44.1":
  version "0.44.1"
  resolved "https://registry.yarnpkg.com/@material/feature-targeting/-/feature-targeting-0.44.1.tgz#afafc80294e5efab94bee31a187273d43d34979a"

"@material/icon-button@^0.44.0":
  version "0.44.1"
  resolved "https://registry.yarnpkg.com/@material/icon-button/-/icon-button-0.44.1.tgz#28935c16edef62c0f77fcc1195707c55331a5d0f"
  dependencies:
    "@material/base" "^0.41.0"
    "@material/ripple" "^0.44.1"
    "@material/theme" "^0.43.0"

"@material/ripple@^0.44.0":
  version "0.44.0"
  resolved "https://registry.yarnpkg.com/@material/ripple/-/ripple-0.44.0.tgz#98920ff8ec4bf5714c97df3d190f02f8a5b476cc"
  dependencies:
    "@material/animation" "^0.41.0"
    "@material/base" "^0.41.0"
    "@material/feature-targeting" "^0.44.0"
    "@material/theme" "^0.43.0"

"@material/ripple@^0.44.1":
  version "0.44.1"
  resolved "https://registry.yarnpkg.com/@material/ripple/-/ripple-0.44.1.tgz#79cb2ddf1f998498d877d3e3c46b50fed6f13b01"
  dependencies:
    "@material/animation" "^0.41.0"
    "@material/base" "^0.41.0"
    "@material/feature-targeting" "^0.44.1"
    "@material/theme" "^0.43.0"

"@material/rtl@^0.42.0":
  version "0.42.0"
  resolved "https://registry.yarnpkg.com/@material/rtl/-/rtl-0.42.0.tgz#1836e78186c2d8b996f6fbf97adab203535335bc"

"@material/shape@^0.43.0":
  version "0.43.0"
  resolved "https://registry.yarnpkg.com/@material/shape/-/shape-0.43.0.tgz#b877acfd8be8abc9ddcf6601eb60dd0588292415"

"@material/shape@^0.44.1":
  version "0.44.1"
  resolved "https://registry.yarnpkg.com/@material/shape/-/shape-0.44.1.tgz#ff4d5d42b07c5781306677bffee43234b756ea8e"
  dependencies:
    "@material/feature-targeting" "^0.44.1"

"@material/tab-bar@^0.44.0":
  version "0.44.0"
  resolved "https://registry.yarnpkg.com/@material/tab-bar/-/tab-bar-0.44.0.tgz#b17d791bd557b1d84892fef1a1d8b8d6fef7c6d6"
  dependencies:
    "@material/base" "^0.41.0"
    "@material/elevation" "^0.44.0"
    "@material/tab" "^0.44.0"
    "@material/tab-scroller" "^0.44.0"

"@material/tab-indicator@^0.43.0":
  version "0.43.0"
  resolved "https://registry.yarnpkg.com/@material/tab-indicator/-/tab-indicator-0.43.0.tgz#37fd05513ba55ae218d9068c986c2676096fd6eb"
  dependencies:
    "@material/animation" "^0.41.0"
    "@material/base" "^0.41.0"
    "@material/theme" "^0.43.0"

"@material/tab-scroller@^0.44.0":
  version "0.44.0"
  resolved "https://registry.yarnpkg.com/@material/tab-scroller/-/tab-scroller-0.44.0.tgz#82d092ed45d2ee9d82038bed318e6ff6bdc36dad"
  dependencies:
    "@material/animation" "^0.41.0"
    "@material/base" "^0.41.0"
    "@material/tab" "^0.44.0"

"@material/tab@^0.44.0":
  version "0.44.0"
  resolved "https://registry.yarnpkg.com/@material/tab/-/tab-0.44.0.tgz#254b92cff99015f0bd59a86d08d3f1c4744d0742"
  dependencies:
    "@material/base" "^0.41.0"
    "@material/ripple" "^0.44.0"
    "@material/rtl" "^0.42.0"
    "@material/tab-indicator" "^0.43.0"
    "@material/theme" "^0.43.0"
    "@material/typography" "^0.44.0"

"@material/theme@^0.43.0":
  version "0.43.0"
  resolved "https://registry.yarnpkg.com/@material/theme/-/theme-0.43.0.tgz#6d9fa113c82e841817882172c152d60d2d203ca6"

"@material/typography@^0.44.0":
  version "0.44.0"
  resolved "https://registry.yarnpkg.com/@material/typography/-/typography-0.44.0.tgz#cf61dce2ee89bfa084d86e1b0f270a585bf9dfaf"

"@material/typography@^0.44.1":
  version "0.44.1"
  resolved "https://registry.yarnpkg.com/@material/typography/-/typography-0.44.1.tgz#a94f01172f9122180bc2ce0aa55658183a35590d"
  dependencies:
    "@material/feature-targeting" "^0.44.1"

"@rmwc/base@^5.1.4":
  version "5.1.4"
  resolved "https://registry.yarnpkg.com/@rmwc/base/-/base-5.1.4.tgz#f8c3a0f59633e59afec7413e5101dedd84c409c6"
  dependencies:
    "@rmwc/types" "^5.1.4"
    classnames "^2.2.5"
    focus-trap "^4.0.2"
    hyperform "^0.9.9"
    mutation-observer "^1.0.3"

"@rmwc/base@^5.1.8":
  version "5.1.8"
  resolved "https://registry.yarnpkg.com/@rmwc/base/-/base-5.1.8.tgz#b17e3189c278213ba2d69cd5fa4762963a845459"
  dependencies:
    "@rmwc/types" "^5.1.8"
    classnames "^2.2.5"
    focus-trap "^4.0.2"
    hyperform "^0.9.9"
    mutation-observer "^1.0.3"

"@rmwc/button@^5.1.4":
  version "5.1.4"
  resolved "https://registry.yarnpkg.com/@rmwc/button/-/button-5.1.4.tgz#5e434676d5d7f572ea0e9e6bae351b39ce639ebf"
  dependencies:
    "@material/button" "^0.44.0"
    "@rmwc/base" "^5.1.4"
    "@rmwc/icon" "^5.1.4"
    "@rmwc/provider" "^5.1.4"
    "@rmwc/ripple" "^5.1.4"

"@rmwc/button@^5.1.8":
  version "5.1.8"
  resolved "https://registry.yarnpkg.com/@rmwc/button/-/button-5.1.8.tgz#a42cb930e314e1c91556597986f66bf33acb4ee7"
  dependencies:
    "@material/button" "^0.44.0"
    "@rmwc/base" "^5.1.8"
    "@rmwc/icon" "^5.1.8"
    "@rmwc/provider" "^5.1.8"
    "@rmwc/ripple" "^5.1.8"

"@rmwc/card@^5.1.8":
  version "5.1.8"
  resolved "https://registry.yarnpkg.com/@rmwc/card/-/card-5.1.8.tgz#7a58147747cc2efb6a2a0d937c7bad4918d1f63f"
  dependencies:
    "@material/card" "^0.44.0"
    "@rmwc/base" "^5.1.8"
    "@rmwc/button" "^5.1.8"
    "@rmwc/icon-button" "^5.1.8"
    "@rmwc/ripple" "^5.1.8"

"@rmwc/dialog@^5.1.8":
  version "5.1.8"
  resolved "https://registry.yarnpkg.com/@rmwc/dialog/-/dialog-5.1.8.tgz#5788a4714579a72c21d7b5dabd0e7e115c2fd5f9"
  dependencies:
    "@material/dialog" "^0.44.0"
    "@rmwc/base" "^5.1.8"
    "@rmwc/button" "^5.1.8"

"@rmwc/icon-button@^5.1.8":
  version "5.1.8"
  resolved "https://registry.yarnpkg.com/@rmwc/icon-button/-/icon-button-5.1.8.tgz#bfd00bfd763b29f67e014ea8df29c91054a56c28"
  dependencies:
    "@material/icon-button" "^0.44.0"
    "@rmwc/base" "^5.1.8"
    "@rmwc/icon" "^5.1.8"
    "@rmwc/ripple" "^5.1.8"

"@rmwc/icon@^5.1.4":
  version "5.1.4"
  resolved "https://registry.yarnpkg.com/@rmwc/icon/-/icon-5.1.4.tgz#c75d531b20dbebea1fb81c3d02c0d2ad1158d897"
  dependencies:
    "@rmwc/base" "^5.1.4"
    "@rmwc/provider" "^5.1.4"

"@rmwc/icon@^5.1.8":
  version "5.1.8"
  resolved "https://registry.yarnpkg.com/@rmwc/icon/-/icon-5.1.8.tgz#6de481b9de2dc5b75d6fed6361a20c0a04b3c852"
  dependencies:
    "@rmwc/base" "^5.1.8"
    "@rmwc/provider" "^5.1.8"

"@rmwc/provider@^5.1.4":
  version "5.1.4"
  resolved "https://registry.yarnpkg.com/@rmwc/provider/-/provider-5.1.4.tgz#5034c818817d5a8707d62b17e9c72a10d491ad9c"
  dependencies:
    "@rmwc/base" "^5.1.4"

"@rmwc/provider@^5.1.8":
  version "5.1.8"
  resolved "https://registry.yarnpkg.com/@rmwc/provider/-/provider-5.1.8.tgz#076e21085175e7ff0300fd3e455fed025782e7df"
  dependencies:
    "@rmwc/base" "^5.1.8"

"@rmwc/ripple@^5.1.4":
  version "5.1.4"
  resolved "https://registry.yarnpkg.com/@rmwc/ripple/-/ripple-5.1.4.tgz#2adf5fbd23bee03ee98e0d6478040cdd0129df13"
  dependencies:
    "@material/ripple" "^0.44.0"
    "@rmwc/base" "^5.1.4"

"@rmwc/ripple@^5.1.8":
  version "5.1.8"
  resolved "https://registry.yarnpkg.com/@rmwc/ripple/-/ripple-5.1.8.tgz#3ad5271073e4b246399482d497210b27feb156f3"
  dependencies:
    "@material/ripple" "^0.44.0"
    "@rmwc/base" "^5.1.8"

"@rmwc/tabs@^5.1.4":
  version "5.1.4"
  resolved "https://registry.yarnpkg.com/@rmwc/tabs/-/tabs-5.1.4.tgz#35c94e1b1642a99de99bcf65c428092c1d976742"
  dependencies:
    "@material/tab" "^0.44.0"
    "@material/tab-bar" "^0.44.0"
    "@material/tab-indicator" "^0.43.0"
    "@material/tab-scroller" "^0.44.0"
    "@rmwc/base" "^5.1.4"
    "@rmwc/icon" "^5.1.4"

"@rmwc/theme@^5.1.4":
  version "5.1.4"
  resolved "https://registry.yarnpkg.com/@rmwc/theme/-/theme-5.1.4.tgz#11fc5c6c1691dbb3815aed3f773bd8b3364348a5"
  dependencies:
    "@material/theme" "^0.43.0"
    "@rmwc/base" "^5.1.4"

"@rmwc/types@^5.1.4":
  version "5.1.4"
  resolved "https://registry.yarnpkg.com/@rmwc/types/-/types-5.1.4.tgz#c0300ace7188c36bbefe4a0e2c514c0f5c4c4c19"

"@rmwc/types@^5.1.8":
  version "5.1.8"
  resolved "https://registry.yarnpkg.com/@rmwc/types/-/types-5.1.8.tgz#f559c793054a9ee6168850a24d075b5fb18715a9"

"@rmwc/typography@^5.1.8":
  version "5.1.8"
  resolved "https://registry.yarnpkg.com/@rmwc/typography/-/typography-5.1.8.tgz#38465a19a08d4ff08457dfa515d847a6c7a68bd4"
  dependencies:
    "@material/typography" "^0.44.0"
    "@rmwc/base" "^5.1.8"

"@types/prop-types@*":
  version "15.5.9"
  resolved "https://registry.yarnpkg.com/@types/prop-types/-/prop-types-15.5.9.tgz#f2d14df87b0739041bc53a7d75e3d77d726a3ec0"

"@types/react@^16.4.16":
  version "16.8.3"
  resolved "https://registry.yarnpkg.com/@types/react/-/react-16.8.3.tgz#7b67956f682bea30a5a09b3242c0784ff196c848"
  dependencies:
    "@types/prop-types" "*"
    csstype "^2.2.0"

"babel-plugin-styled-components@>= 1":
  version "1.10.0"
  resolved "https://registry.yarnpkg.com/babel-plugin-styled-components/-/babel-plugin-styled-components-1.10.0.tgz#ff1f42ad2cc78c21f26b62266b8f564dbc862939"
  dependencies:
    "@babel/helper-annotate-as-pure" "^7.0.0"
    "@babel/helper-module-imports" "^7.0.0"
    babel-plugin-syntax-jsx "^6.18.0"
    lodash "^4.17.10"

babel-plugin-syntax-jsx@^6.18.0:
  version "6.18.0"
  resolved "https://registry.yarnpkg.com/babel-plugin-syntax-jsx/-/babel-plugin-syntax-jsx-6.18.0.tgz#0af32a9a6e13ca7a3fd5069e62d7b0f58d0d8946"

camelize@^1.0.0:
  version "1.0.0"
  resolved "https://registry.yarnpkg.com/camelize/-/camelize-1.0.0.tgz#164a5483e630fa4321e5af07020e531831b2609b"

classnames@^2.2.5:
  version "2.2.6"
  resolved "https://registry.yarnpkg.com/classnames/-/classnames-2.2.6.tgz#43935bffdd291f326dad0a205309b38d00f650ce"

clipboard@^2.0.0:
  version "2.0.4"
  resolved "https://registry.yarnpkg.com/clipboard/-/clipboard-2.0.4.tgz#836dafd66cf0fea5d71ce5d5b0bf6e958009112d"
  dependencies:
    good-listener "^1.2.2"
    select "^1.1.2"
    tiny-emitter "^2.0.0"

css-color-keywords@^1.0.0:
  version "1.0.0"
  resolved "https://registry.yarnpkg.com/css-color-keywords/-/css-color-keywords-1.0.0.tgz#fea2616dc676b2962686b3af8dbdbe180b244e05"

css-to-react-native@^2.2.2:
  version "2.3.0"
  resolved "https://registry.yarnpkg.com/css-to-react-native/-/css-to-react-native-2.3.0.tgz#bf80d24ec4a08e430306ef429c0586e6ed5485f7"
  dependencies:
    camelize "^1.0.0"
    css-color-keywords "^1.0.0"
    postcss-value-parser "^3.3.0"

csstype@^2.2.0:
  version "2.6.2"
  resolved "https://registry.yarnpkg.com/csstype/-/csstype-2.6.2.tgz#3043d5e065454579afc7478a18de41909c8a2f01"

deep-equal@^1.0.1:
  version "1.0.1"
  resolved "https://registry.yarnpkg.com/deep-equal/-/deep-equal-1.0.1.tgz#f5d260292b660e084eff4cdbc9f08ad3247448b5"

delegate@^3.1.2:
  version "3.2.0"
  resolved "https://registry.yarnpkg.com/delegate/-/delegate-3.2.0.tgz#b66b71c3158522e8ab5744f720d8ca0c2af59166"

esutils@^2.0.2:
  version "2.0.2"
  resolved "https://registry.yarnpkg.com/esutils/-/esutils-2.0.2.tgz#0abf4f1caa5bcb1f7a9d8acc6dea4faaa04bac9b"

exenv@^1.2.1:
  version "1.2.2"
  resolved "https://registry.yarnpkg.com/exenv/-/exenv-1.2.2.tgz#2ae78e85d9894158670b03d47bec1f03bd91bb9d"

focus-trap@^4.0.2:
  version "4.0.2"
  resolved "https://registry.yarnpkg.com/focus-trap/-/focus-trap-4.0.2.tgz#4ee2b96547c9ea0e4252a2d4b2cca68944194663"
  dependencies:
    tabbable "^3.1.2"
    xtend "^4.0.1"

get-own-enumerable-property-symbols@^2.0.1:
  version "2.0.1"
  resolved "https://registry.yarnpkg.com/get-own-enumerable-property-symbols/-/get-own-enumerable-property-symbols-2.0.1.tgz#5c4ad87f2834c4b9b4e84549dc1e0650fb38c24b"

good-listener@^1.2.2:
  version "1.2.2"
  resolved "https://registry.yarnpkg.com/good-listener/-/good-listener-1.2.2.tgz#d53b30cdf9313dffb7dc9a0d477096aa6d145c50"
  dependencies:
    delegate "^3.1.2"

has-flag@^3.0.0:
  version "3.0.0"
  resolved "https://registry.yarnpkg.com/has-flag/-/has-flag-3.0.0.tgz#b5d454dc2199ae225699f3467e5a07f3b955bafd"

hyperform@^0.9.9:
  version "0.9.22"
  resolved "https://registry.yarnpkg.com/hyperform/-/hyperform-0.9.22.tgz#6a69e61fae9345140ad7c5c6ff406d1ce96fa631"

is-obj@^1.0.1:
  version "1.0.1"
  resolved "https://registry.yarnpkg.com/is-obj/-/is-obj-1.0.1.tgz#3e4729ac1f5fde025cd7d83a896dab9f4f67db0f"

is-plain-object@2.0.4:
  version "2.0.4"
  resolved "https://registry.yarnpkg.com/is-plain-object/-/is-plain-object-2.0.4.tgz#2c163b3fafb1b606d9d17928f05c2a1c38e07677"
  dependencies:
    isobject "^3.0.1"

is-regexp@^1.0.0:
  version "1.0.0"
  resolved "https://registry.yarnpkg.com/is-regexp/-/is-regexp-1.0.0.tgz#fd2d883545c46bac5a633e7b9a09e87fa2cb5069"

isobject@^3.0.1:
  version "3.0.1"
  resolved "https://registry.yarnpkg.com/isobject/-/isobject-3.0.1.tgz#4e431e92b11a9731636aa1f9c8d1ccbcfdab78df"

"js-tokens@^3.0.0 || ^4.0.0":
  version "4.0.0"
  resolved "https://registry.yarnpkg.com/js-tokens/-/js-tokens-4.0.0.tgz#19203fb59991df98e3a287050d4647cdeaf32499"

lodash@^4.17.10, lodash@^4.17.11:
  version "4.17.11"
  resolved "https://registry.yarnpkg.com/lodash/-/lodash-4.17.11.tgz#b39ea6229ef607ecd89e2c8df12536891cac9b8d"

loose-envify@^1.4.0:
  version "1.4.0"
  resolved "https://registry.yarnpkg.com/loose-envify/-/loose-envify-1.4.0.tgz#71ee51fa7be4caec1a63839f7e682d8132d30caf"
  dependencies:
    js-tokens "^3.0.0 || ^4.0.0"

memoize-one@^4.0.0:
  version "4.1.0"
  resolved "https://registry.yarnpkg.com/memoize-one/-/memoize-one-4.1.0.tgz#a2387c58c03fff27ca390c31b764a79addf3f906"

mutation-observer@^1.0.3:
  version "1.0.3"
  resolved "https://registry.yarnpkg.com/mutation-observer/-/mutation-observer-1.0.3.tgz#42e9222b101bca82e5ba9d5a7acf4a14c0f263d0"

object-assign@^4.1.1:
  version "4.1.1"
  resolved "https://registry.yarnpkg.com/object-assign/-/object-assign-4.1.1.tgz#2109adc7965887cfc05cbbd442cac8bfbb360863"

postcss-value-parser@^3.3.0:
  version "3.3.1"
  resolved "https://registry.yarnpkg.com/postcss-value-parser/-/postcss-value-parser-3.3.1.tgz#9ff822547e2893213cf1c30efa51ac5fd1ba8281"

prism-react-renderer@^0.1.5:
  version "0.1.6"
  resolved "https://registry.yarnpkg.com/prism-react-renderer/-/prism-react-renderer-0.1.6.tgz#c9216baa234fab1c234209fcdaf0cd23a01c50a9"

prismjs@^1.15.0:
  version "1.15.0"
  resolved "https://registry.yarnpkg.com/prismjs/-/prismjs-1.15.0.tgz#8801d332e472091ba8def94976c8877ad60398d9"
  optionalDependencies:
    clipboard "^2.0.0"

prop-types@^15.5.0, prop-types@^15.5.4, prop-types@^15.6.2:
  version "15.7.2"
  resolved "https://registry.yarnpkg.com/prop-types/-/prop-types-15.7.2.tgz#52c41e75b8c87e72b9d9360e0206b99dcbffa6c5"
  dependencies:
    loose-envify "^1.4.0"
    object-assign "^4.1.1"
    react-is "^16.8.1"

react-clipboard.js@^2.0.2, react-clipboard.js@^2.0.3:
  version "2.0.3"
  resolved "https://registry.yarnpkg.com/react-clipboard.js/-/react-clipboard.js-2.0.3.tgz#98ff15e514bdce6d0b0435ac5677d9c9941d085b"
  dependencies:
    clipboard "^2.0.0"
    prop-types "^15.5.0"

react-element-to-jsx-string@^14.0.2:
  version "14.0.2"
  resolved "https://registry.yarnpkg.com/react-element-to-jsx-string/-/react-element-to-jsx-string-14.0.2.tgz#586d248bb2416855aa6ac3881e18726832c146d2"
  dependencies:
    is-plain-object "2.0.4"
    stringify-object "3.2.2"

react-helmet@^5.2.0:
  version "5.2.0"
  resolved "https://registry.yarnpkg.com/react-helmet/-/react-helmet-5.2.0.tgz#a81811df21313a6d55c5f058c4aeba5d6f3d97a7"
  dependencies:
    deep-equal "^1.0.1"
    object-assign "^4.1.1"
    prop-types "^15.5.4"
    react-side-effect "^1.1.0"

react-is@^16.6.0, react-is@^16.8.1:
  version "16.8.3"
  resolved "https://registry.yarnpkg.com/react-is/-/react-is-16.8.3.tgz#4ad8b029c2a718fc0cfc746c8d4e1b7221e5387d"

react-side-effect@^1.1.0:
  version "1.1.5"
  resolved "https://registry.yarnpkg.com/react-side-effect/-/react-side-effect-1.1.5.tgz#f26059e50ed9c626d91d661b9f3c8bb38cd0ff2d"
  dependencies:
    exenv "^1.2.1"
    shallowequal "^1.0.1"

rebass@^3.0.1:
  version "3.0.1"
  resolved "https://registry.yarnpkg.com/rebass/-/rebass-3.0.1.tgz#140230f4e4eceaf7adb682bcf380ceb0fff82d2f"
  dependencies:
    styled-system "^3.2.1"

regenerator-runtime@^0.12.0:
  version "0.12.1"
  resolved "https://registry.yarnpkg.com/regenerator-runtime/-/regenerator-runtime-0.12.1.tgz#fa1a71544764c036f8c49b13a08b2594c9f8a0de"

select@^1.1.2:
  version "1.1.2"
  resolved "https://registry.yarnpkg.com/select/-/select-1.1.2.tgz#0e7350acdec80b1108528786ec1d4418d11b396d"

shallowequal@^1.0.1:
  version "1.1.0"
  resolved "https://registry.yarnpkg.com/shallowequal/-/shallowequal-1.1.0.tgz#188d521de95b9087404fd4dcb68b13df0ae4e7f8"

stringify-object@3.2.2:
  version "3.2.2"
  resolved "https://registry.yarnpkg.com/stringify-object/-/stringify-object-3.2.2.tgz#9853052e5a88fb605a44cd27445aa257ad7ffbcd"
  dependencies:
    get-own-enumerable-property-symbols "^2.0.1"
    is-obj "^1.0.1"
    is-regexp "^1.0.0"

styled-components@^4.1.3:
  version "4.1.3"
  resolved "https://registry.yarnpkg.com/styled-components/-/styled-components-4.1.3.tgz#4472447208e618b57e84deaaeb6acd34a5e0fe9b"
  dependencies:
    "@babel/helper-module-imports" "^7.0.0"
    "@emotion/is-prop-valid" "^0.7.3"
    "@emotion/unitless" "^0.7.0"
    babel-plugin-styled-components ">= 1"
    css-to-react-native "^2.2.2"
    memoize-one "^4.0.0"
    prop-types "^15.5.4"
    react-is "^16.6.0"
    stylis "^3.5.0"
    stylis-rule-sheet "^0.0.10"
    supports-color "^5.5.0"

styled-system@^3.2.1:
  version "3.2.1"
  resolved "https://registry.yarnpkg.com/styled-system/-/styled-system-3.2.1.tgz#491e1e6f88d7ee021f6f49376f12852cde8007cb"
  dependencies:
    "@babel/runtime" "^7.1.2"
    prop-types "^15.6.2"

stylis-rule-sheet@^0.0.10:
  version "0.0.10"
  resolved "https://registry.yarnpkg.com/stylis-rule-sheet/-/stylis-rule-sheet-0.0.10.tgz#44e64a2b076643f4b52e5ff71efc04d8c3c4a430"

stylis@^3.5.0:
  version "3.5.4"
  resolved "https://registry.yarnpkg.com/stylis/-/stylis-3.5.4.tgz#f665f25f5e299cf3d64654ab949a57c768b73fbe"

supports-color@^5.5.0:
  version "5.5.0"
  resolved "https://registry.yarnpkg.com/supports-color/-/supports-color-5.5.0.tgz#e2e69a44ac8772f78a1ec0b35b689df6530efc8f"
  dependencies:
    has-flag "^3.0.0"

tabbable@^3.1.2:
  version "3.1.2"
  resolved "https://registry.yarnpkg.com/tabbable/-/tabbable-3.1.2.tgz#f2d16cccd01f400e38635c7181adfe0ad965a4a2"

tiny-emitter@^2.0.0:
  version "2.1.0"
  resolved "https://registry.yarnpkg.com/tiny-emitter/-/tiny-emitter-2.1.0.tgz#1d1a56edfc51c43e863cbb5382a72330e3555423"

tinycolor2@^1.4.1:
  version "1.4.1"
  resolved "https://registry.yarnpkg.com/tinycolor2/-/tinycolor2-1.4.1.tgz#f4fad333447bc0b07d4dc8e9209d8f39a8ac77e8"

to-fast-properties@^2.0.0:
  version "2.0.0"
  resolved "https://registry.yarnpkg.com/to-fast-properties/-/to-fast-properties-2.0.0.tgz#dc5e698cbd079265bc73e0377681a4e4e83f616e"

xtend@^4.0.1:
  version "4.0.1"
  resolved "https://registry.yarnpkg.com/xtend/-/xtend-4.0.1.tgz#a5c6d532be656e23db820efb943a1f04998d63af"
